# This file is automatically @generated by Cargo.
# It is not intended for manual editing.
version = 4

[[package]]
name = "links-notation"
version = "0.13.0"
source = "registry+https://github.com/rust-lang/crates.io-index"
checksum = "e4c952b42a8c6ff6f849d7cafe3b1e13f1063a51bbb144bc6c62026ab327814c"
dependencies = [
 "nom",
]

[[package]]
name = "memchr"
version = "2.7.6"
source = "registry+https://github.com/rust-lang/crates.io-index"
checksum = "f52b00d39961fc5b2736ea853c9cc86238e165017a493d1d5c8eac6bdc4cc273"

[[package]]
name = "nom"
version = "8.0.0"
source = "registry+https://github.com/rust-lang/crates.io-index"
checksum = "df9761775871bdef83bee530e60050f7e54b1105350d6884eb0fb4f46c2f9405"
dependencies = [
 "memchr",
]

[[package]]
name = "relative-meta-logic"
version = "0.15.0"
dependencies = [
 "links-notation",
]
